
Microsoft Visual Studio Solution File, Format Version 12.00
# Visual Studio 15
VisualStudioVersion = 15.0.28307.960
MinimumVisualStudioVersion = 10.0.40219.1
Project("{FAE04EC0-301F-11D3-BF4B-00C04F79EFBC}") = "GitTest", "GitTest.csproj", "{DAF1EDB3-A949-41FD-9606-512E6D04C290}"
EndProject
Global
	GlobalSection(SolutionConfigurationPlatforms) = preSolution
		Debug|Any CPU = Debug|Any CPU
		Release|Any CPU = Release|Any CPU
	EndGlobalSection
	GlobalSection(ProjectConfigurationPlatforms) = postSolution
		{DAF1EDB3-A949-41FD-9606-512E6D04C290}.Debug|Any CPU.ActiveCfg = Debug|Any CPU
		{DAF1EDB3-A949-41FD-9606-512E6D04C290}.Debug|Any CPU.Build.0 = Debug|Any CPU
		{DAF1EDB3-A949-41FD-9606-512E6D04C290}.Release|Any CPU.ActiveCfg = Release|Any CPU
		{DAF1EDB3-A949-41FD-9606-512E6D04C290}.Release|Any CPU.Build.0 = Release|Any CPU
	EndGlobalSection
	GlobalSection(SolutionProperties) = preSolution
		HideSolutionNode = FALSE
	EndGlobalSection
	GlobalSection(ExtensibilityGlobals) = postSolution
		SolutionGuid = {85448D86-B573-4297-B915-90978B93DBC7}
	EndGlobalSection
EndGlobal
